
Microsoft Visual Studio Solution File, Format Version 12.00
# Visual Studio 2012
Project("{FAE04EC0-301F-11D3-BF4B-00C04F79EFBC}") = "TaskManager.Web", "TaskManager.Web\TaskManager.Web.csproj", "{94BFB58C-B460-4848-B2A5-1611687A0CFF}"
EndProject
Project("{FAE04EC0-301F-11D3-BF4B-00C04F79EFBC}") = "TaskManager.Web.Tests", "TaskManager.Web.Tests\TaskManager.Web.Tests.csproj", "{93B65EDF-9E9A-419D-8488-325F53B33B2D}"
EndProject
Project("{FAE04EC0-301F-11D3-BF4B-00C04F79EFBC}") = "TaskManager.Domain", "TaskManager.Domain\TaskManager.Domain.csproj", "{1D0D4776-E7F5-401F-997E-220E4C919AB1}"
EndProject
Global
	GlobalSection(SolutionConfigurationPlatforms) = preSolution
		Debug|Any CPU = Debug|Any CPU
		Release|Any CPU = Release|Any CPU
	EndGlobalSection
	GlobalSection(ProjectConfigurationPlatforms) = postSolution
		{94BFB58C-B460-4848-B2A5-1611687A0CFF}.Debug|Any CPU.ActiveCfg = Debug|Any CPU
		{94BFB58C-B460-4848-B2A5-1611687A0CFF}.Debug|Any CPU.Build.0 = Debug|Any CPU
		{94BFB58C-B460-4848-B2A5-1611687A0CFF}.Release|Any CPU.ActiveCfg = Release|Any CPU
		{94BFB58C-B460-4848-B2A5-1611687A0CFF}.Release|Any CPU.Build.0 = Release|Any CPU
		{93B65EDF-9E9A-419D-8488-325F53B33B2D}.Debug|Any CPU.ActiveCfg = Debug|Any CPU
		{93B65EDF-9E9A-419D-8488-325F53B33B2D}.Debug|Any CPU.Build.0 = Debug|Any CPU
		{93B65EDF-9E9A-419D-8488-325F53B33B2D}.Release|Any CPU.ActiveCfg = Release|Any CPU
		{93B65EDF-9E9A-419D-8488-325F53B33B2D}.Release|Any CPU.Build.0 = Release|Any CPU
		{1D0D4776-E7F5-401F-997E-220E4C919AB1}.Debug|Any CPU.ActiveCfg = Debug|Any CPU
		{1D0D4776-E7F5-401F-997E-220E4C919AB1}.Debug|Any CPU.Build.0 = Debug|Any CPU
		{1D0D4776-E7F5-401F-997E-220E4C919AB1}.Release|Any CPU.ActiveCfg = Release|Any CPU
		{1D0D4776-E7F5-401F-997E-220E4C919AB1}.Release|Any CPU.Build.0 = Release|Any CPU
	EndGlobalSection
	GlobalSection(SolutionProperties) = preSolution
		HideSolutionNode = FALSE
	EndGlobalSection
EndGlobal
